Microsoft Visual Studio Solution File, Format Version 12.00
# Visual Studio 15
VisualStudioVersion = 15.0.28307.1300
MinimumVisualStudioVersion = 10.0.40219.1
Project("{FAE04EC0-301F-11D3-BF4B-00C04F79EFBC}") = "DIR", "DIR and CD\DIR.csproj", "{58BF9426-A660-40F7-A21F-2E872CA05583}"
EndProject
Project("{FAE04EC0-301F-11D3-BF4B-00C04F79EFBC}") = "CD", "CD\CD.csproj", "{2D51A11F-A25A-4BB3-975E-E7FA852094A5}"
EndProject
Global
	GlobalSection(SolutionConfigurationPlatforms) = preSolution
		Debug|Any CPU = Debug|Any CPU
		Release|Any CPU = Release|Any CPU
	EndGlobalSection
	GlobalSection(ProjectConfigurationPlatforms) = postSolution
		{58BF9426-A660-40F7-A21F-2E872CA05583}.Debug|Any CPU.ActiveCfg = Debug|Any CPU
		{58BF9426-A660-40F7-A21F-2E872CA05583}.Debug|Any CPU.Build.0 = Debug|Any CPU
		{58BF9426-A660-40F7-A21F-2E872CA05583}.Release|Any CPU.ActiveCfg = Release|Any CPU
		{58BF9426-A660-40F7-A21F-2E872CA05583}.Release|Any CPU.Build.0 = Release|Any CPU
		{2D51A11F-A25A-4BB3-975E-E7FA852094A5}.Debug|Any CPU.ActiveCfg = Debug|Any CPU
		{2D51A11F-A25A-4BB3-975E-E7FA852094A5}.Debug|Any CPU.Build.0 = Debug|Any CPU
		{2D51A11F-A25A-4BB3-975E-E7FA852094A5}.Release|Any CPU.ActiveCfg = Release|Any CPU
		{2D51A11F-A25A-4BB3-975E-E7FA852094A5}.Release|Any CPU.Build.0 = Release|Any CPU
	EndGlobalSection
	GlobalSection(SolutionProperties) = preSolution
		HideSolutionNode = FALSE
	EndGlobalSection
	GlobalSection(ExtensibilityGlobals) = postSolution
		SolutionGuid = {AFB3ECD4-313F-47CC-8B8B-A7DF4E7E8C0C}
	EndGlobalSection
EndGlobal

